
Microsoft Visual Studio Solution File, Format Version 12.00
# Visual Studio Version 16
VisualStudioVersion = 16.0.30717.126
MinimumVisualStudioVersion = 10.0.40219.1
Project("{9A19103F-16F7-4668-BE54-9A1E7A4F7556}") = "OrleansTest", "OrleansTest\OrleansTest.csproj", "{BC4FD63E-8410-45CE-8751-F5D85E78FED7}"
EndProject
Project("{FAE04EC0-301F-11D3-BF4B-00C04F79EFBC}") = "GrainInterfaces", "GrainInterfaces\GrainInterfaces.csproj", "{488474EE-7EFD-428C-913F-7915B19CD664}"
EndProject
Project("{FAE04EC0-301F-11D3-BF4B-00C04F79EFBC}") = "Grains", "Grains\Grains.csproj", "{BC4243DF-02B2-4889-B1A8-BA3C1739E76B}"
EndProject
Global
	GlobalSection(SolutionConfigurationPlatforms) = preSolution
		Debug|Any CPU = Debug|Any CPU
		Release|Any CPU = Release|Any CPU
	EndGlobalSection
	GlobalSection(ProjectConfigurationPlatforms) = postSolution
		{BC4FD63E-8410-45CE-8751-F5D85E78FED7}.Debug|Any CPU.ActiveCfg = Debug|Any CPU
		{BC4FD63E-8410-45CE-8751-F5D85E78FED7}.Debug|Any CPU.Build.0 = Debug|Any CPU
		{BC4FD63E-8410-45CE-8751-F5D85E78FED7}.Release|Any CPU.ActiveCfg = Release|Any CPU
		{BC4FD63E-8410-45CE-8751-F5D85E78FED7}.Release|Any CPU.Build.0 = Release|Any CPU
		{488474EE-7EFD-428C-913F-7915B19CD664}.Debug|Any CPU.ActiveCfg = Debug|Any CPU
		{488474EE-7EFD-428C-913F-7915B19CD664}.Debug|Any CPU.Build.0 = Debug|Any CPU
		{488474EE-7EFD-428C-913F-7915B19CD664}.Release|Any CPU.ActiveCfg = Release|Any CPU
		{488474EE-7EFD-428C-913F-7915B19CD664}.Release|Any CPU.Build.0 = Release|Any CPU
		{BC4243DF-02B2-4889-B1A8-BA3C1739E76B}.Debug|Any CPU.ActiveCfg = Debug|Any CPU
		{BC4243DF-02B2-4889-B1A8-BA3C1739E76B}.Debug|Any CPU.Build.0 = Debug|Any CPU
		{BC4243DF-02B2-4889-B1A8-BA3C1739E76B}.Release|Any CPU.ActiveCfg = Release|Any CPU
		{BC4243DF-02B2-4889-B1A8-BA3C1739E76B}.Release|Any CPU.Build.0 = Release|Any CPU
	EndGlobalSection
	GlobalSection(SolutionProperties) = preSolution
		HideSolutionNode = FALSE
	EndGlobalSection
	GlobalSection(ExtensibilityGlobals) = postSolution
		SolutionGuid = {64801F68-A37A-4418-B16C-A25C88863CFF}
	EndGlobalSection
EndGlobal
